
Microsoft Visual Studio Solution File, Format Version 12.00
# Visual Studio Version 17
VisualStudioVersion = 17.10.35027.167
MinimumVisualStudioVersion = 10.0.40219.1
Project("{FAE04EC0-301F-11D3-BF4B-00C04F79EFBC}") = "ComboEstados", "ComboEstados.csproj", "{777FBB0B-69BA-4CCA-8DE2-2B91D6BC59A2}"
EndProject
Global
	GlobalSection(SolutionConfigurationPlatforms) = preSolution
		Debug|Any CPU = Debug|Any CPU
		Release|Any CPU = Release|Any CPU
	EndGlobalSection
	GlobalSection(ProjectConfigurationPlatforms) = postSolution
		{777FBB0B-69BA-4CCA-8DE2-2B91D6BC59A2}.Debug|Any CPU.ActiveCfg = Debug|Any CPU
		{777FBB0B-69BA-4CCA-8DE2-2B91D6BC59A2}.Debug|Any CPU.Build.0 = Debug|Any CPU
		{777FBB0B-69BA-4CCA-8DE2-2B91D6BC59A2}.Release|Any CPU.ActiveCfg = Release|Any CPU
		{777FBB0B-69BA-4CCA-8DE2-2B91D6BC59A2}.Release|Any CPU.Build.0 = Release|Any CPU
	EndGlobalSection
	GlobalSection(SolutionProperties) = preSolution
		HideSolutionNode = FALSE
	EndGlobalSection
	GlobalSection(ExtensibilityGlobals) = postSolution
		SolutionGuid = {05B87688-7B78-4806-859A-ACEBC244301B}
	EndGlobalSection
EndGlobal
